
Microsoft Visual Studio Solution File, Format Version 12.00
# Visual Studio Version 17
VisualStudioVersion = 17.3.32922.545
MinimumVisualStudioVersion = 10.0.40219.1
Project("{FAE04EC0-301F-11D3-BF4B-00C04F79EFBC}") = "UserRegistrationForm", "UserRegistrationForm\UserRegistrationForm.csproj", "{5DFBF8D2-DE5E-442F-AB62-DFFEA002B255}"
EndProject
Global
	GlobalSection(SolutionConfigurationPlatforms) = preSolution
		Debug|Any CPU = Debug|Any CPU
		Release|Any CPU = Release|Any CPU
	EndGlobalSection
	GlobalSection(ProjectConfigurationPlatforms) = postSolution
		{5DFBF8D2-DE5E-442F-AB62-DFFEA002B255}.Debug|Any CPU.ActiveCfg = Debug|Any CPU
		{5DFBF8D2-DE5E-442F-AB62-DFFEA002B255}.Debug|Any CPU.Build.0 = Debug|Any CPU
		{5DFBF8D2-DE5E-442F-AB62-DFFEA002B255}.Release|Any CPU.ActiveCfg = Release|Any CPU
		{5DFBF8D2-DE5E-442F-AB62-DFFEA002B255}.Release|Any CPU.Build.0 = Release|Any CPU
	EndGlobalSection
	GlobalSection(SolutionProperties) = preSolution
		HideSolutionNode = FALSE
	EndGlobalSection
	GlobalSection(ExtensibilityGlobals) = postSolution
		SolutionGuid = {BC9BB445-E1D5-4E75-A3BE-06D302030D50}
	EndGlobalSection
EndGlobal
